
Microsoft Visual Studio Solution File, Format Version 12.00
# Visual Studio Version 16
VisualStudioVersion = 16.0.30225.117
MinimumVisualStudioVersion = 10.0.40219.1
Project("{FAE04EC0-301F-11D3-BF4B-00C04F79EFBC}") = "dolfhin", "Clinic\dolfhin.csproj", "{EEA3A639-CA10-456D-BAC2-93F333E86E85}"
EndProject
Project("{2150E333-8FDC-42A3-9474-1A3956D46DE8}") = ".nuget", ".nuget", "{628E71E0-61C3-4DED-9B0A-9EB3BA1392B9}"
	ProjectSection(SolutionItems) = preProject
		.nuget\packages.config = .nuget\packages.config
	EndProjectSection
EndProject
Project("{2150E333-8FDC-42A3-9474-1A3956D46DE8}") = "Script", "Script", "{E49CA8B4-C542-46EA-BB17-1F95BBDA484F}"
	ProjectSection(SolutionItems) = preProject
		C:\Users\rajes\Downloads\dbclinic.sql = C:\Users\rajes\Downloads\dbclinic.sql
	EndProjectSection
EndProject
Project("{FAE04EC0-301F-11D3-BF4B-00C04F79EFBC}") = "dolfhin_WebAPI", "Clinic_WebAPI\dolfhin_WebAPI.csproj", "{B4CBA233-442D-4A7A-9D4A-9AF874920784}"
EndProject
Project("{FAE04EC0-301F-11D3-BF4B-00C04F79EFBC}") = "dolfhinBO", "ClinicBO\dolfhinBO.csproj", "{7CD81F89-44A1-4D7C-AD3D-A369A8068892}"
EndProject
Global
	GlobalSection(SolutionConfigurationPlatforms) = preSolution
		Debug|Any CPU = Debug|Any CPU
		Release|Any CPU = Release|Any CPU
	EndGlobalSection
	GlobalSection(ProjectConfigurationPlatforms) = postSolution
		{EEA3A639-CA10-456D-BAC2-93F333E86E85}.Debug|Any CPU.ActiveCfg = Debug|Any CPU
		{EEA3A639-CA10-456D-BAC2-93F333E86E85}.Debug|Any CPU.Build.0 = Debug|Any CPU
		{EEA3A639-CA10-456D-BAC2-93F333E86E85}.Release|Any CPU.ActiveCfg = Release|Any CPU
		{EEA3A639-CA10-456D-BAC2-93F333E86E85}.Release|Any CPU.Build.0 = Release|Any CPU
		{B4CBA233-442D-4A7A-9D4A-9AF874920784}.Debug|Any CPU.ActiveCfg = Debug|Any CPU
		{B4CBA233-442D-4A7A-9D4A-9AF874920784}.Debug|Any CPU.Build.0 = Debug|Any CPU
		{B4CBA233-442D-4A7A-9D4A-9AF874920784}.Release|Any CPU.ActiveCfg = Release|Any CPU
		{B4CBA233-442D-4A7A-9D4A-9AF874920784}.Release|Any CPU.Build.0 = Release|Any CPU
		{7CD81F89-44A1-4D7C-AD3D-A369A8068892}.Debug|Any CPU.ActiveCfg = Debug|Any CPU
		{7CD81F89-44A1-4D7C-AD3D-A369A8068892}.Debug|Any CPU.Build.0 = Debug|Any CPU
		{7CD81F89-44A1-4D7C-AD3D-A369A8068892}.Release|Any CPU.ActiveCfg = Release|Any CPU
		{7CD81F89-44A1-4D7C-AD3D-A369A8068892}.Release|Any CPU.Build.0 = Release|Any CPU
	EndGlobalSection
	GlobalSection(SolutionProperties) = preSolution
		HideSolutionNode = FALSE
	EndGlobalSection
	GlobalSection(ExtensibilityGlobals) = postSolution
		SolutionGuid = {0F48E765-901D-49B9-8293-E2E4382A8AB2}
	EndGlobalSection
EndGlobal
